
Microsoft Visual Studio Solution File, Format Version 12.00
# Visual Studio Version 17
VisualStudioVersion = 17.5.33530.505
MinimumVisualStudioVersion = 10.0.40219.1
Project("{FAE04EC0-301F-11D3-BF4B-00C04F79EFBC}") = "SL", "SL\SL.csproj", "{059285B7-6926-48C5-96E7-9C937DFEC091}"
EndProject
Global
	GlobalSection(SolutionConfigurationPlatforms) = preSolution
		Debug|Any CPU = Debug|Any CPU
		Release|Any CPU = Release|Any CPU
	EndGlobalSection
	GlobalSection(ProjectConfigurationPlatforms) = postSolution
		{059285B7-6926-48C5-96E7-9C937DFEC091}.Debug|Any CPU.ActiveCfg = Debug|Any CPU
		{059285B7-6926-48C5-96E7-9C937DFEC091}.Debug|Any CPU.Build.0 = Debug|Any CPU
		{059285B7-6926-48C5-96E7-9C937DFEC091}.Release|Any CPU.ActiveCfg = Release|Any CPU
		{059285B7-6926-48C5-96E7-9C937DFEC091}.Release|Any CPU.Build.0 = Release|Any CPU
	EndGlobalSection
	GlobalSection(SolutionProperties) = preSolution
		HideSolutionNode = FALSE
	EndGlobalSection
	GlobalSection(ExtensibilityGlobals) = postSolution
		SolutionGuid = {3723EBA4-F681-4941-A664-66BC7C54853E}
	EndGlobalSection
EndGlobal
